
Microsoft Visual Studio Solution File, Format Version 12.00
# Visual Studio Version 16
VisualStudioVersion = 16.0.29920.165
MinimumVisualStudioVersion = 10.0.40219.1
Project("{FAE04EC0-301F-11D3-BF4B-00C04F79EFBC}") = "sudokuGUI", "sudokuGUI\sudokuGUI.csproj", "{38C457CD-0636-413D-A53C-1C1A331E68D0}"
EndProject
Global
	GlobalSection(SolutionConfigurationPlatforms) = preSolution
		Debug|Any CPU = Debug|Any CPU
		Release|Any CPU = Release|Any CPU
	EndGlobalSection
	GlobalSection(ProjectConfigurationPlatforms) = postSolution
		{38C457CD-0636-413D-A53C-1C1A331E68D0}.Debug|Any CPU.ActiveCfg = Debug|Any CPU
		{38C457CD-0636-413D-A53C-1C1A331E68D0}.Debug|Any CPU.Build.0 = Debug|Any CPU
		{38C457CD-0636-413D-A53C-1C1A331E68D0}.Release|Any CPU.ActiveCfg = Release|Any CPU
		{38C457CD-0636-413D-A53C-1C1A331E68D0}.Release|Any CPU.Build.0 = Release|Any CPU
	EndGlobalSection
	GlobalSection(SolutionProperties) = preSolution
		HideSolutionNode = FALSE
	EndGlobalSection
	GlobalSection(ExtensibilityGlobals) = postSolution
		SolutionGuid = {B9A3C9C1-6F29-4304-91E6-5BAFB590A328}
	EndGlobalSection
EndGlobal
